
Microsoft Visual Studio Solution File, Format Version 12.00
# Visual Studio Version 16
VisualStudioVersion = 16.0.30517.126
MinimumVisualStudioVersion = 10.0.40219.1
Project("{FAE04EC0-301F-11D3-BF4B-00C04F79EFBC}") = "sub_Stokes2Jones", "sub_Stokes2Jones\sub_Stokes2Jones.csproj", "{9796DAEF-7AA6-4FEA-B77A-EA44AC559EB5}"
EndProject
Global
	GlobalSection(SolutionConfigurationPlatforms) = preSolution
		Debug|Any CPU = Debug|Any CPU
		Release|Any CPU = Release|Any CPU
	EndGlobalSection
	GlobalSection(ProjectConfigurationPlatforms) = postSolution
		{9796DAEF-7AA6-4FEA-B77A-EA44AC559EB5}.Debug|Any CPU.ActiveCfg = Debug|Any CPU
		{9796DAEF-7AA6-4FEA-B77A-EA44AC559EB5}.Debug|Any CPU.Build.0 = Debug|Any CPU
		{9796DAEF-7AA6-4FEA-B77A-EA44AC559EB5}.Release|Any CPU.ActiveCfg = Release|Any CPU
		{9796DAEF-7AA6-4FEA-B77A-EA44AC559EB5}.Release|Any CPU.Build.0 = Release|Any CPU
	EndGlobalSection
	GlobalSection(SolutionProperties) = preSolution
		HideSolutionNode = FALSE
	EndGlobalSection
	GlobalSection(ExtensibilityGlobals) = postSolution
		SolutionGuid = {1C5272C7-6D28-4CAE-8DE7-FA5C97BE76F2}
	EndGlobalSection
EndGlobal
